
Microsoft Visual Studio Solution File, Format Version 12.00
# Visual Studio Version 17
VisualStudioVersion = 17.9.34902.65
MinimumVisualStudioVersion = 10.0.40219.1
Project("{FAE04EC0-301F-11D3-BF4B-00C04F79EFBC}") = "PaymentDetailsAPI", "PaymentDetailsAPI\PaymentDetailsAPI.csproj", "{FB2A0EB5-30EE-434C-A937-51BB39FEC3C8}"
EndProject
Global
	GlobalSection(SolutionConfigurationPlatforms) = preSolution
		Debug|Any CPU = Debug|Any CPU
		Release|Any CPU = Release|Any CPU
	EndGlobalSection
	GlobalSection(ProjectConfigurationPlatforms) = postSolution
		{FB2A0EB5-30EE-434C-A937-51BB39FEC3C8}.Debug|Any CPU.ActiveCfg = Debug|Any CPU
		{FB2A0EB5-30EE-434C-A937-51BB39FEC3C8}.Debug|Any CPU.Build.0 = Debug|Any CPU
		{FB2A0EB5-30EE-434C-A937-51BB39FEC3C8}.Release|Any CPU.ActiveCfg = Release|Any CPU
		{FB2A0EB5-30EE-434C-A937-51BB39FEC3C8}.Release|Any CPU.Build.0 = Release|Any CPU
	EndGlobalSection
	GlobalSection(SolutionProperties) = preSolution
		HideSolutionNode = FALSE
	EndGlobalSection
	GlobalSection(ExtensibilityGlobals) = postSolution
		SolutionGuid = {91887635-6A81-4767-AA9D-4A51DCAE48A0}
	EndGlobalSection
EndGlobal
